
Microsoft Visual Studio Solution File, Format Version 12.00
# Visual Studio 2013
VisualStudioVersion = 12.0.30501.0
MinimumVisualStudioVersion = 10.0.40219.1
Project("{FAE04EC0-301F-11D3-BF4B-00C04F79EFBC}") = "OJT.Web", "OJT.Web\OJT.Web.csproj", "{B0B4B20A-A9BE-4B73-BF93-1600053C13E3}"
EndProject
Project("{FAE04EC0-301F-11D3-BF4B-00C04F79EFBC}") = "OJT.Model", "OJT.Model\OJT.Model.csproj", "{91E3C046-51F7-4AC5-9515-AD833218A317}"
EndProject
Project("{FAE04EC0-301F-11D3-BF4B-00C04F79EFBC}") = "OJT.Data", "OJT.Data\OJT.Data.csproj", "{08CD980C-E480-4E1E-9B64-3A7711C19D8A}"
EndProject
Global
	GlobalSection(SolutionConfigurationPlatforms) = preSolution
		Debug|Any CPU = Debug|Any CPU
		Release|Any CPU = Release|Any CPU
	EndGlobalSection
	GlobalSection(ProjectConfigurationPlatforms) = postSolution
		{B0B4B20A-A9BE-4B73-BF93-1600053C13E3}.Debug|Any CPU.ActiveCfg = Debug|Any CPU
		{B0B4B20A-A9BE-4B73-BF93-1600053C13E3}.Debug|Any CPU.Build.0 = Debug|Any CPU
		{B0B4B20A-A9BE-4B73-BF93-1600053C13E3}.Release|Any CPU.ActiveCfg = Release|Any CPU
		{B0B4B20A-A9BE-4B73-BF93-1600053C13E3}.Release|Any CPU.Build.0 = Release|Any CPU
		{91E3C046-51F7-4AC5-9515-AD833218A317}.Debug|Any CPU.ActiveCfg = Debug|Any CPU
		{91E3C046-51F7-4AC5-9515-AD833218A317}.Debug|Any CPU.Build.0 = Debug|Any CPU
		{91E3C046-51F7-4AC5-9515-AD833218A317}.Release|Any CPU.ActiveCfg = Release|Any CPU
		{91E3C046-51F7-4AC5-9515-AD833218A317}.Release|Any CPU.Build.0 = Release|Any CPU
		{08CD980C-E480-4E1E-9B64-3A7711C19D8A}.Debug|Any CPU.ActiveCfg = Debug|Any CPU
		{08CD980C-E480-4E1E-9B64-3A7711C19D8A}.Debug|Any CPU.Build.0 = Debug|Any CPU
		{08CD980C-E480-4E1E-9B64-3A7711C19D8A}.Release|Any CPU.ActiveCfg = Release|Any CPU
		{08CD980C-E480-4E1E-9B64-3A7711C19D8A}.Release|Any CPU.Build.0 = Release|Any CPU
	EndGlobalSection
	GlobalSection(SolutionProperties) = preSolution
		HideSolutionNode = FALSE
	EndGlobalSection
EndGlobal
